
Microsoft Visual Studio Solution File, Format Version 12.00
# Visual Studio 15
VisualStudioVersion = 15.0.27703.2026
MinimumVisualStudioVersion = 10.0.40219.1
Project("{9A19103F-16F7-4668-BE54-9A1E7A4F7556}") = "MYOB.Tests", "MYOB.Tests\MYOB.Tests.csproj", "{27E8BE15-6AA2-480E-AF7B-AF9B2BB77EFB}"
EndProject
Project("{9A19103F-16F7-4668-BE54-9A1E7A4F7556}") = "Services", "Services\Services.csproj", "{C9B79459-5B6B-4E06-9347-358120CB83DE}"
EndProject
Project("{9A19103F-16F7-4668-BE54-9A1E7A4F7556}") = "Payslip", "Payslip\Payslip.csproj", "{9C148C23-8736-4D1A-9054-22CF3262295A}"
EndProject
Project("{9A19103F-16F7-4668-BE54-9A1E7A4F7556}") = "Model", "Model\Model.csproj", "{AA3FC42D-3B00-487E-9604-BF67E343C7C5}"
EndProject
Project("{9A19103F-16F7-4668-BE54-9A1E7A4F7556}") = "DataPreProcessor", "DataPreProcessor\DataPreProcessor.csproj", "{12A2AD4B-0D02-450C-ADB3-6C16DA3200C9}"
EndProject
Project("{9A19103F-16F7-4668-BE54-9A1E7A4F7556}") = "DataIO", "DataIO\DataIO.csproj", "{1A006750-E22F-44C8-B2EB-3E7492BA0B3D}"
EndProject
Project("{FAE04EC0-301F-11D3-BF4B-00C04F79EFBC}") = "App", "App\App.csproj", "{7CB12FA2-8585-4159-96D1-B264CE468171}"
EndProject
Global
	GlobalSection(SolutionConfigurationPlatforms) = preSolution
		Debug|Any CPU = Debug|Any CPU
		Release|Any CPU = Release|Any CPU
	EndGlobalSection
	GlobalSection(ProjectConfigurationPlatforms) = postSolution
		{27E8BE15-6AA2-480E-AF7B-AF9B2BB77EFB}.Debug|Any CPU.ActiveCfg = Debug|Any CPU
		{27E8BE15-6AA2-480E-AF7B-AF9B2BB77EFB}.Debug|Any CPU.Build.0 = Debug|Any CPU
		{27E8BE15-6AA2-480E-AF7B-AF9B2BB77EFB}.Release|Any CPU.ActiveCfg = Release|Any CPU
		{27E8BE15-6AA2-480E-AF7B-AF9B2BB77EFB}.Release|Any CPU.Build.0 = Release|Any CPU
		{C9B79459-5B6B-4E06-9347-358120CB83DE}.Debug|Any CPU.ActiveCfg = Debug|Any CPU
		{C9B79459-5B6B-4E06-9347-358120CB83DE}.Debug|Any CPU.Build.0 = Debug|Any CPU
		{C9B79459-5B6B-4E06-9347-358120CB83DE}.Release|Any CPU.ActiveCfg = Release|Any CPU
		{C9B79459-5B6B-4E06-9347-358120CB83DE}.Release|Any CPU.Build.0 = Release|Any CPU
		{9C148C23-8736-4D1A-9054-22CF3262295A}.Debug|Any CPU.ActiveCfg = Debug|Any CPU
		{9C148C23-8736-4D1A-9054-22CF3262295A}.Debug|Any CPU.Build.0 = Debug|Any CPU
		{9C148C23-8736-4D1A-9054-22CF3262295A}.Release|Any CPU.ActiveCfg = Release|Any CPU
		{9C148C23-8736-4D1A-9054-22CF3262295A}.Release|Any CPU.Build.0 = Release|Any CPU
		{AA3FC42D-3B00-487E-9604-BF67E343C7C5}.Debug|Any CPU.ActiveCfg = Debug|Any CPU
		{AA3FC42D-3B00-487E-9604-BF67E343C7C5}.Debug|Any CPU.Build.0 = Debug|Any CPU
		{AA3FC42D-3B00-487E-9604-BF67E343C7C5}.Release|Any CPU.ActiveCfg = Release|Any CPU
		{AA3FC42D-3B00-487E-9604-BF67E343C7C5}.Release|Any CPU.Build.0 = Release|Any CPU
		{12A2AD4B-0D02-450C-ADB3-6C16DA3200C9}.Debug|Any CPU.ActiveCfg = Debug|Any CPU
		{12A2AD4B-0D02-450C-ADB3-6C16DA3200C9}.Debug|Any CPU.Build.0 = Debug|Any CPU
		{12A2AD4B-0D02-450C-ADB3-6C16DA3200C9}.Release|Any CPU.ActiveCfg = Release|Any CPU
		{12A2AD4B-0D02-450C-ADB3-6C16DA3200C9}.Release|Any CPU.Build.0 = Release|Any CPU
		{1A006750-E22F-44C8-B2EB-3E7492BA0B3D}.Debug|Any CPU.ActiveCfg = Debug|Any CPU
		{1A006750-E22F-44C8-B2EB-3E7492BA0B3D}.Debug|Any CPU.Build.0 = Debug|Any CPU
		{1A006750-E22F-44C8-B2EB-3E7492BA0B3D}.Release|Any CPU.ActiveCfg = Release|Any CPU
		{1A006750-E22F-44C8-B2EB-3E7492BA0B3D}.Release|Any CPU.Build.0 = Release|Any CPU
		{7CB12FA2-8585-4159-96D1-B264CE468171}.Debug|Any CPU.ActiveCfg = Debug|Any CPU
		{7CB12FA2-8585-4159-96D1-B264CE468171}.Debug|Any CPU.Build.0 = Debug|Any CPU
		{7CB12FA2-8585-4159-96D1-B264CE468171}.Release|Any CPU.ActiveCfg = Release|Any CPU
		{7CB12FA2-8585-4159-96D1-B264CE468171}.Release|Any CPU.Build.0 = Release|Any CPU
	EndGlobalSection
	GlobalSection(SolutionProperties) = preSolution
		HideSolutionNode = FALSE
	EndGlobalSection
	GlobalSection(ExtensibilityGlobals) = postSolution
		SolutionGuid = {6E802172-22C1-48C5-B481-FEE20FB42703}
	EndGlobalSection
EndGlobal
